
Microsoft Visual Studio Solution File, Format Version 12.00
# Visual Studio 15
VisualStudioVersion = 15.0.26403.7
MinimumVisualStudioVersion = 10.0.40219.1
Project("{FAE04EC0-301F-11D3-BF4B-00C04F79EFBC}") = "Righthand.Immutable", "Righthand.Immutable\Righthand.Immutable\Righthand.Immutable.csproj", "{2F511A2A-261A-477B-8C9A-CF7CC5F9F01C}"
EndProject
Project("{FAE04EC0-301F-11D3-BF4B-00C04F79EFBC}") = "Righthand.Immutable.Vsix", "Righthand.Immutable\Righthand.Immutable.Vsix\Righthand.Immutable.Vsix.csproj", "{CA06454F-F317-4A9D-B866-A9FDD62E3CCF}"
EndProject
Global
	GlobalSection(SolutionConfigurationPlatforms) = preSolution
		Debug|Any CPU = Debug|Any CPU
		Release|Any CPU = Release|Any CPU
	EndGlobalSection
	GlobalSection(ProjectConfigurationPlatforms) = postSolution
		{2F511A2A-261A-477B-8C9A-CF7CC5F9F01C}.Debug|Any CPU.ActiveCfg = Debug|Any CPU
		{2F511A2A-261A-477B-8C9A-CF7CC5F9F01C}.Debug|Any CPU.Build.0 = Debug|Any CPU
		{2F511A2A-261A-477B-8C9A-CF7CC5F9F01C}.Release|Any CPU.ActiveCfg = Release|Any CPU
		{2F511A2A-261A-477B-8C9A-CF7CC5F9F01C}.Release|Any CPU.Build.0 = Release|Any CPU
		{CA06454F-F317-4A9D-B866-A9FDD62E3CCF}.Debug|Any CPU.ActiveCfg = Debug|Any CPU
		{CA06454F-F317-4A9D-B866-A9FDD62E3CCF}.Debug|Any CPU.Build.0 = Debug|Any CPU
		{CA06454F-F317-4A9D-B866-A9FDD62E3CCF}.Release|Any CPU.ActiveCfg = Release|Any CPU
		{CA06454F-F317-4A9D-B866-A9FDD62E3CCF}.Release|Any CPU.Build.0 = Release|Any CPU
	EndGlobalSection
	GlobalSection(SolutionProperties) = preSolution
		HideSolutionNode = FALSE
	EndGlobalSection
EndGlobal
